// !$*UTF8*$!
{
	archiveVersion = 1;
	classes = {
	};
	objectVersion = 51;
	objects = {

/* Begin PBXBuildFile section */
		14F812836D13C427B28177F1 /* Pods_otpDemo.framework in Frameworks */ = {isa = PBXBuildFile; fileRef = CFEAA172DBF212EB3E4EA72D /* Pods_otpDemo.framework */; };
		C570364C2384072E00EE03C1 /* GoogleService-Info.plist in Resources */ = {isa = PBXBuildFile; fileRef = C570364B2384072E00EE03C1 /* GoogleService-Info.plist */; };
		C5D995DB2382895500381D1F /* AppDelegate.swift in Sources */ = {isa = PBXBuildFile; fileRef = C5D995DA2382895500381D1F /* AppDelegate.swift */; };
		C5D995DD2382895500381D1F /* SceneDelegate.swift in Sources */ = {isa = PBXBuildFile; fileRef = C5D995DC2382895500381D1F /* SceneDelegate.swift */; };
		C5D995DF2382895500381D1F /* ViewController.swift in Sources */ = {isa = PBXBuildFile; fileRef = C5D995DE2382895500381D1F /* ViewController.swift */; };
		C5D995E22382895500381D1F /* Main.storyboard in Resources */ = {isa = PBXBuildFile; fileRef = C5D995E02382895500381D1F /* Main.storyboard */; };
		C5D995E52382895500381D1F /* otpDemo.xcdatamodeld in Sources */ = {isa = PBXBuildFile; fileRef = C5D995E32382895500381D1F /* otpDemo.xcdatamodeld */; };
		C5D995E72382895700381D1F /* Assets.xcassets in Resources */ = {isa = PBXBuildFile; fileRef = C5D995E62382895700381D1F /* Assets.xcassets */; };
		C5D995EA2382895700381D1F /* LaunchScreen.storyboard in Resources */ = {isa = PBXBuildFile; fileRef = C5D995E82382895700381D1F /* LaunchScreen.storyboard */; };
/* End PBXBuildFile section */

/* Begin PBXFileReference section */
		81C10AE6A4DED1EC99680DC0 /* Pods-otpDemo.debug.xcconfig */ = {isa = PBXFileReference; includeInIndex = 1; lastKnownFileType = text.xcconfig; name = "Pods-otpDemo.debug.xcconfig"; path = "Target Support Files/Pods-otpDemo/Pods-otpDemo.debug.xcconfig"; sourceTree = "<group>"; };
		C570364B2384072E00EE03C1 /* GoogleService-Info.plist */ = {isa = PBXFileReference; fileEncoding = 4; lastKnownFileType = text.plist.xml; path = "GoogleService-Info.plist"; sourceTree = "<group>"; };
		C5D995D72382895500381D1F /* otpDemo.app */ = {isa = PBXFileReference; explicitFileType = wrapper.application; includeInIndex = 0; path = otpDemo.app; sourceTree = BUILT_PRODUCTS_DIR; };
		C5D995DA2382895500381D1F /* AppDelegate.swift */ = {isa = PBXFileReference; lastKnownFileType = sourcecode.swift; path = AppDelegate.swift; sourceTree = "<group>"; };
		C5D995DC2382895500381D1F /* SceneDelegate.swift */ = {isa = PBXFileReference; lastKnownFileType = sourcecode.swift; path = SceneDelegate.swift; sourceTree = "<group>"; };
		C5D995DE2382895500381D1F /* ViewController.swift */ = {isa = PBXFileReference; lastKnownFileType = sourcecode.swift; path = ViewController.swift; sourceTree = "<group>"; };
		C5D995E12382895500381D1F /* Base */ = {isa = PBXFileReference; lastKnownFileType = file.storyboard; name = Base; path = Base.lproj/Main.storyboard; sourceTree = "<group>"; };
		C5D995E42382895500381D1F /* otpDemo.xcdatamodel */ = {isa = PBXFileReference; lastKnownFileType = wrapper.xcdatamodel; path = otpDemo.xcdatamodel; sourceTree = "<group>"; };
		C5D995E62382895700381D1F /* Assets.xcassets */ = {isa = PBXFileReference; lastKnownFileType = folder.assetcatalog; path = Assets.xcassets; sourceTree = "<group>"; };
		C5D995E92382895700381D1F /* Base */ = {isa = PBXFileReference; lastKnownFileType = file.storyboard; name = Base; path = Base.lproj/LaunchScreen.storyboard; sourceTree = "<group>"; };
		C5D995EB2382895700381D1F /* Info.plist */ = {isa = PBXFileReference; lastKnownFileType = text.plist.xml; path = Info.plist; sourceTree = "<group>"; };
		CC607833D4D4CFC8E6CE173A /* Pods-otpDemo.release.xcconfig */ = {isa = PBXFileReference; includeInIndex = 1; lastKnownFileType = text.xcconfig; name = "Pods-otpDemo.release.xcconfig"; path = "Target Support Files/Pods-otpDemo/Pods-otpDemo.release.xcconfig"; sourceTree = "<group>"; };
		CFEAA172DBF212EB3E4EA72D /* Pods_otpDemo.framework */ = {isa = PBXFileReference; explicitFileType = wrapper.framework; includeInIndex = 0; path = Pods_otpDemo.framework; sourceTree = BUILT_PRODUCTS_DIR; };
/* End PBXFileReference section */

/* Begin PBXFrameworksBuildPhase section */
		C5D995D42382895500381D1F /* Frameworks */ = {
			isa = PBXFrameworksBuildPhase;
			buildActionMask = 2147483647;
			files = (
				14F812836D13C427B28177F1 /* Pods_otpDemo.framework in Frameworks */,
			);
			runOnlyForDeploymentPostprocessing = 0;
		};
/* End PBXFrameworksBuildPhase section */

/* Begin PBXGroup section */
		3527664173C2A01F3F2FC36A /* Frameworks */ = {
			isa = PBXGroup;
			children = (
				CFEAA172DBF212EB3E4EA72D /* Pods_otpDemo.framework */,
			);
			name = Frameworks;
			sourceTree = "<group>";
		};
		B65FD6FBD52F267F92BF0E6D /* Pods */ = {
			isa = PBXGroup;
			children = (
				81C10AE6A4DED1EC99680DC0 /* Pods-otpDemo.debug.xcconfig */,
				CC607833D4D4CFC8E6CE173A /* Pods-otpDemo.release.xcconfig */,
			);
			path = Pods;
			sourceTree = "<group>";
		};
		C5D995CE2382895500381D1F = {
			isa = PBXGroup;
			children = (
				C5D995D92382895500381D1F /* otpDemo */,
				C5D995D82382895500381D1F /* Products */,
				B65FD6FBD52F267F92BF0E6D /* Pods */,
				3527664173C2A01F3F2FC36A /* Frameworks */,
			);
			sourceTree = "<group>";
		};
		C5D995D82382895500381D1F /* Products */ = {
			isa = PBXGroup;
			children = (
				C5D995D72382895500381D1F /* otpDemo.app */,
			);
			name = Products;
			sourceTree = "<group>";
		};
		C5D995D92382895500381D1F /* otpDemo */ = {
			isa = PBXGroup;
			children = (
				C5D995DA2382895500381D1F /* AppDelegate.swift */,
				C5D995DC2382895500381D1F /* SceneDelegate.swift */,
				C5D995DE2382895500381D1F /* ViewController.swift */,
				C5D995E02382895500381D1F /* Main.storyboard */,
				C570364B2384072E00EE03C1 /* GoogleService-Info.plist */,
				C5D995E62382895700381D1F /* Assets.xcassets */,
				C5D995E82382895700381D1F /* LaunchScreen.storyboard */,
				C5D995EB2382895700381D1F /* Info.plist */,
				C5D995E32382895500381D1F /* otpDemo.xcdatamodeld */,
			);
			path = otpDemo;
			sourceTree = "<group>";
		};
/* End PBXGroup section */

/* Begin PBXNativeTarget section */
		C5D995D62382895500381D1F /* otpDemo */ = {
			isa = PBXNativeTarget;
			buildConfigurationList = C5D995EE2382895700381D1F /* Build configuration list for PBXNativeTarget "otpDemo" */;
			buildPhases = (
				65E0E6ECEC73817B55E830AE /* [CP] Check Pods Manifest.lock */,
				C5D995D32382895500381D1F /* Sources */,
				C5D995D42382895500381D1F /* Frameworks */,
				C5D995D52382895500381D1F /* Resources */,
				52F23BD355CC507AC76AFFAD /* [CP] Embed Pods Frameworks */,
				83F2DF3E82F3D2922798D6ED /* [CP] Copy Pods Resources */,
			);
			buildRules = (
			);
			dependencies = (
			);
			name = otpDemo;
			productName = otpDemo;
			productReference = C5D995D72382895500381D1F /* otpDemo.app */;
			productType = "com.apple.product-type.application";
		};
/* End PBXNativeTarget section */

/* Begin PBXProject section */
		C5D995CF2382895500381D1F /* Project object */ = {
			isa = PBXProject;
			attributes = {
				LastSwiftUpdateCheck = 1120;
				LastUpgradeCheck = 1120;
				ORGANIZATIONNAME = Agrahyah;
				TargetAttributes = {
					C5D995D62382895500381D1F = {
						CreatedOnToolsVersion = 11.2.1;
					};
				};
			};
			buildConfigurationList = C5D995D22382895500381D1F /* Build configuration list for PBXProject "otpDemo" */;
			compatibilityVersion = "Xcode 9.3";
			developmentRegion = en;
			hasScannedForEncodings = 0;
			knownRegions = (
				en,
				Base,
			);
			mainGroup = C5D995CE2382895500381D1F;
			productRefGroup = C5D995D82382895500381D1F /* Products */;
			projectDirPath = "";
			projectRoot = "";
			targets = (
				C5D995D62382895500381D1F /* otpDemo */,
			);
		};
/* End PBXProject section */

/* Begin PBXResourcesBuildPhase section */
		C5D995D52382895500381D1F /* Resources */ = {
			isa = PBXResourcesBuildPhase;
			buildActionMask = 2147483647;
			files = (
				C5D995EA2382895700381D1F /* LaunchScreen.storyboard in Resources */,
				C570364C2384072E00EE03C1 /* GoogleService-Info.plist in Resources */,
				C5D995E72382895700381D1F /* Assets.xcassets in Resources */,
				C5D995E22382895500381D1F /* Main.storyboard in Resources */,
			);
			runOnlyForDeploymentPostprocessing = 0;
		};
/* End PBXResourcesBuildPhase section */

/* Begin PBXShellScriptBuildPhase section */
		52F23BD355CC507AC76AFFAD /* [CP] Embed Pods Frameworks */ = {
			isa = PBXShellScriptBuildPhase;
			buildActionMask = 2147483647;
			files = (
			);
			inputFileListPaths = (
				"${PODS_ROOT}/Target Support Files/Pods-otpDemo/Pods-otpDemo-frameworks-${CONFIGURATION}-input-files.xcfilelist",
			);
			name = "[CP] Embed Pods Frameworks";
			outputFileListPaths = (
				"${PODS_ROOT}/Target Support Files/Pods-otpDemo/Pods-otpDemo-frameworks-${CONFIGURATION}-output-files.xcfilelist",
			);
			runOnlyForDeploymentPostprocessing = 0;
			shellPath = /bin/sh;
			shellScript = "\"${PODS_ROOT}/Target Support Files/Pods-otpDemo/Pods-otpDemo-frameworks.sh\"\n";
			showEnvVarsInLog = 0;
		};
		65E0E6ECEC73817B55E830AE /* [CP] Check Pods Manifest.lock */ = {
			isa = PBXShellScriptBuildPhase;
			buildActionMask = 2147483647;
			files = (
			);
			inputFileListPaths = (
			);
			inputPaths = (
				"${PODS_PODFILE_DIR_PATH}/Podfile.lock",
				"${PODS_ROOT}/Manifest.lock",
			);
			name = "[CP] Check Pods Manifest.lock";
			outputFileListPaths = (
			);
			outputPaths = (
				"$(DERIVED_FILE_DIR)/Pods-otpDemo-checkManifestLockResult.txt",
			);
			runOnlyForDeploymentPostprocessing = 0;
			shellPath = /bin/sh;
			shellScript = "diff \"${PODS_PODFILE_DIR_PATH}/Podfile.lock\" \"${PODS_ROOT}/Manifest.lock\" > /dev/null\nif [ $? != 0 ] ; then\n    # print error to STDERR\n    echo \"error: The sandbox is not in sync with the Podfile.lock. Run 'pod install' or update your CocoaPods installation.\" >&2\n    exit 1\nfi\n# This output is used by Xcode 'outputs' to avoid re-running this script phase.\necho \"SUCCESS\" > \"${SCRIPT_OUTPUT_FILE_0}\"\n";
			showEnvVarsInLog = 0;
		};
		83F2DF3E82F3D2922798D6ED /* [CP] Copy Pods Resources */ = {
			isa = PBXShellScriptBuildPhase;
			buildActionMask = 2147483647;
			files = (
			);
			inputFileListPaths = (
				"${PODS_ROOT}/Target Support Files/Pods-otpDemo/Pods-otpDemo-resources-${CONFIGURATION}-input-files.xcfilelist",
			);
			name = "[CP] Copy Pods Resources";
			outputFileListPaths = (
				"${PODS_ROOT}/Target Support Files/Pods-otpDemo/Pods-otpDemo-resources-${CONFIGURATION}-output-files.xcfilelist",
			);
			runOnlyForDeploymentPostprocessing = 0;
			shellPath = /bin/sh;
			shellScript = "\"${PODS_ROOT}/Target Support Files/Pods-otpDemo/Pods-otpDemo-resources.sh\"\n";
			showEnvVarsInLog = 0;
		};
/* End PBXShellScriptBuildPhase section */

/* Begin PBXSourcesBuildPhase section */
		C5D995D32382895500381D1F /* Sources */ = {
			isa = PBXSourcesBuildPhase;
			buildActionMask = 2147483647;
			files = (
				C5D995E52382895500381D1F /* otpDemo.xcdatamodeld in Sources */,
				C5D995DF2382895500381D1F /* ViewController.swift in Sources */,
				C5D995DB2382895500381D1F /* AppDelegate.swift in Sources */,
				C5D995DD2382895500381D1F /* SceneDelegate.swift in Sources */,
			);
			runOnlyForDeploymentPostprocessing = 0;
		};
/* End PBXSourcesBuildPhase section */

/* Begin PBXVariantGroup section */
		C5D995E02382895500381D1F /* Main.storyboard */ = {
			isa = PBXVariantGroup;
			children = (
				C5D995E12382895500381D1F /* Base */,
			);
			name = Main.storyboard;
			sourceTree = "<group>";
		};
		C5D995E82382895700381D1F /* LaunchScreen.storyboard */ = {
			isa = PBXVariantGroup;
			children = (
				C5D995E92382895700381D1F /* Base */,
			);
			name = LaunchScreen.storyboard;
			sourceTree = "<group>";
		};
/* End PBXVariantGroup section */

/* Begin XCBuildConfiguration section */
		C5D995EC2382895700381D1F /* Debug */ = {
			isa = XCBuildConfiguration;
			buildSettings = {
				ALWAYS_SEARCH_USER_PATHS = NO;
				CLANG_ANALYZER_NONNULL = YES;
				CLANG_ANALYZER_NUMBER_OBJECT_CONVERSION = YES_AGGRESSIVE;
				CLANG_CXX_LANGUAGE_STANDARD = "gnu++14";
				CLANG_CXX_LIBRARY = "libc++";
				CLANG_ENABLE_MODULES = YES;
				CLANG_ENABLE_OBJC_ARC = YES;
				CLANG_ENABLE_OBJC_WEAK = YES;
				CLANG_WARN_BLOCK_CAPTURE_AUTORELEASING = YES;
				CLANG_WARN_BOOL_CONVERSION = YES;
				CLANG_WARN_COMMA = YES;
				CLANG_WARN_CONSTANT_CONVERSION = YES;
				CLANG_WARN_DEPRECATED_OBJC_IMPLEMENTATIONS = YES;
				CLANG_WARN_DIRECT_OBJC_ISA_USAGE = YES_ERROR;
				CLANG_WARN_DOCUMENTATION_COMMENTS = YES;
				CLANG_WARN_EMPTY_BODY = YES;
				CLANG_WARN_ENUM_CONVERSION = YES;
				CLANG_WARN_INFINITE_RECURSION = YES;
				CLANG_WARN_INT_CONVERSION = YES;
				CLANG_WARN_NON_LITERAL_NULL_CONVERSION = YES;
				CLANG_WARN_OBJC_IMPLICIT_RETAIN_SELF = YES;
				CLANG_WARN_OBJC_LITERAL_CONVERSION = YES;
				CLANG_WARN_OBJC_ROOT_CLASS = YES_ERROR;
				CLANG_WARN_RANGE_LOOP_ANALYSIS = YES;
				CLANG_WARN_STRICT_PROTOTYPES = YES;
				CLANG_WARN_SUSPICIOUS_MOVE = YES;
				CLANG_WARN_UNGUARDED_AVAILABILITY = YES_AGGRESSIVE;
				CLANG_WARN_UNREACHABLE_CODE = YES;
				CLANG_WARN__DUPLICATE_METHOD_MATCH = YES;
				COPY_PHASE_STRIP = NO;
				DEBUG_INFORMATION_FORMAT = dwarf;
				ENABLE_STRICT_OBJC_MSGSEND = YES;
				ENABLE_TESTABILITY = YES;
				GCC_C_LANGUAGE_STANDARD = gnu11;
				GCC_DYNAMIC_NO_PIC = NO;
				GCC_NO_COMMON_BLOCKS = YES;
				GCC_OPTIMIZATION_LEVEL = 0;
				GCC_PREPROCESSOR_DEFINITIONS = (
					"DEBUG=1",
					"$(inherited)",
				);
				GCC_WARN_64_TO_32_BIT_CONVERSION = YES;
				GCC_WARN_ABOUT_RETURN_TYPE = YES_ERROR;
				GCC_WARN_UNDECLARED_SELECTOR = YES;
				GCC_WARN_UNINITIALIZED_AUTOS = YES_AGGRESSIVE;
				GCC_WARN_UNUSED_FUNCTION = YES;
				GCC_WARN_UNUSED_VARIABLE = YES;
				IPHONEOS_DEPLOYMENT_TARGET = 13.2;
				MTL_ENABLE_DEBUG_INFO = INCLUDE_SOURCE;
				MTL_FAST_MATH = YES;
				ONLY_ACTIVE_ARCH = YES;
				SDKROOT = iphoneos;
				SWIFT_ACTIVE_COMPILATION_CONDITIONS = DEBUG;
				SWIFT_OPTIMIZATION_LEVEL = "-Onone";
			};
			name = Debug;
		};
		C5D995ED2382895700381D1F /* Release */ = {
			isa = XCBuildConfiguration;
			buildSettings = {
				ALWAYS_SEARCH_USER_PATHS = NO;
				CLANG_ANALYZER_NONNULL = YES;
				CLANG_ANALYZER_NUMBER_OBJECT_CONVERSION = YES_AGGRESSIVE;
				CLANG_CXX_LANGUAGE_STANDARD = "gnu++14";
				CLANG_CXX_LIBRARY = "libc++";
				CLANG_ENABLE_MODULES = YES;
				CLANG_ENABLE_OBJC_ARC = YES;
				CLANG_ENABLE_OBJC_WEAK = YES;
				CLANG_WARN_BLOCK_CAPTURE_AUTORELEASING = YES;
				CLANG_WARN_BOOL_CONVERSION = YES;
				CLANG_WARN_COMMA = YES;
				CLANG_WARN_CONSTANT_CONVERSION = YES;
				CLANG_WARN_DEPRECATED_OBJC_IMPLEMENTATIONS = YES;
				CLANG_WARN_DIRECT_OBJC_ISA_USAGE = YES_ERROR;
				CLANG_WARN_DOCUMENTATION_COMMENTS = YES;
				CLANG_WARN_EMPTY_BODY = YES;
				CLANG_WARN_ENUM_CONVERSION = YES;
				CLANG_WARN_INFINITE_RECURSION = YES;
				CLANG_WARN_INT_CONVERSION = YES;
				CLANG_WARN_NON_LITERAL_NULL_CONVERSION = YES;
				CLANG_WARN_OBJC_IMPLICIT_RETAIN_SELF = YES;
				CLANG_WARN_OBJC_LITERAL_CONVERSION = YES;
				CLANG_WARN_OBJC_ROOT_CLASS = YES_ERROR;
				CLANG_WARN_RANGE_LOOP_ANALYSIS = YES;
				CLANG_WARN_STRICT_PROTOTYPES = YES;
				CLANG_WARN_SUSPICIOUS_MOVE = YES;
				CLANG_WARN_UNGUARDED_AVAILABILITY = YES_AGGRESSIVE;
				CLANG_WARN_UNREACHABLE_CODE = YES;
				CLANG_WARN__DUPLICATE_METHOD_MATCH = YES;
				COPY_PHASE_STRIP = NO;
				DEBUG_INFORMATION_FORMAT = "dwarf-with-dsym";
				ENABLE_NS_ASSERTIONS = NO;
				ENABLE_STRICT_OBJC_MSGSEND = YES;
				GCC_C_LANGUAGE_STANDARD = gnu11;
				GCC_NO_COMMON_BLOCKS = YES;
				GCC_WARN_64_TO_32_BIT_CONVERSION = YES;
				GCC_WARN_ABOUT_RETURN_TYPE = YES_ERROR;
				GCC_WARN_UNDECLARED_SELECTOR = YES;
				GCC_WARN_UNINITIALIZED_AUTOS = YES_AGGRESSIVE;
				GCC_WARN_UNUSED_FUNCTION = YES;
				GCC_WARN_UNUSED_VARIABLE = YES;
				IPHONEOS_DEPLOYMENT_TARGET = 13.2;
				MTL_ENABLE_DEBUG_INFO = NO;
				MTL_FAST_MATH = YES;
				SDKROOT = iphoneos;
				SWIFT_COMPILATION_MODE = wholemodule;
				SWIFT_OPTIMIZATION_LEVEL = "-O";
				VALIDATE_PRODUCT = YES;
			};
			name = Release;
		};
		C5D995EF2382895700381D1F /* Debug */ = {
			isa = XCBuildConfiguration;
			baseConfigurationReference = 81C10AE6A4DED1EC99680DC0 /* Pods-otpDemo.debug.xcconfig */;
			buildSettings = {
				ASSETCATALOG_COMPILER_APPICON_NAME = AppIcon;
				CODE_SIGN_STYLE = Automatic;
				DEVELOPMENT_TEAM = 5LNM385MAZ;
				INFOPLIST_FILE = otpDemo/Info.plist;
				LD_RUNPATH_SEARCH_PATHS = (
					"$(inherited)",
					"@executable_path/Frameworks",
				);
				PRODUCT_BUNDLE_IDENTIFIER = com.agrahyah.otpDemo;
				PRODUCT_NAME = "$(TARGET_NAME)";
				SWIFT_VERSION = 5.0;
				TARGETED_DEVICE_FAMILY = "1,2";
			};
			name = Debug;
		};
		C5D995F02382895700381D1F /* Release */ = {
			isa = XCBuildConfiguration;
			baseConfigurationReference = CC607833D4D4CFC8E6CE173A /* Pods-otpDemo.release.xcconfig */;
			buildSettings = {
				ASSETCATALOG_COMPILER_APPICON_NAME = AppIcon;
				CODE_SIGN_STYLE = Automatic;
				DEVELOPMENT_TEAM = 5LNM385MAZ;
				INFOPLIST_FILE = otpDemo/Info.plist;
				LD_RUNPATH_SEARCH_PATHS = (
					"$(inherited)",
					"@executable_path/Frameworks",
				);
				PRODUCT_BUNDLE_IDENTIFIER = com.agrahyah.otpDemo;
				PRODUCT_NAME = "$(TARGET_NAME)";
				SWIFT_VERSION = 5.0;
				TARGETED_DEVICE_FAMILY = "1,2";
			};
			name = Release;
		};
/* End XCBuildConfiguration section */

/* Begin XCConfigurationList section */
		C5D995D22382895500381D1F /* Build configuration list for PBXProject "otpDemo" */ = {
			isa = XCConfigurationList;
			buildConfigurations = (
				C5D995EC2382895700381D1F /* Debug */,
				C5D995ED2382895700381D1F /* Release */,
			);
			defaultConfigurationIsVisible = 0;
			defaultConfigurationName = Release;
		};
		C5D995EE2382895700381D1F /* Build configuration list for PBXNativeTarget "otpDemo" */ = {
			isa = XCConfigurationList;
			buildConfigurations = (
				C5D995EF2382895700381D1F /* Debug */,
				C5D995F02382895700381D1F /* Release */,
			);
			defaultConfigurationIsVisible = 0;
			defaultConfigurationName = Release;
		};
/* End XCConfigurationList section */

/* Begin XCVersionGroup section */
		C5D995E32382895500381D1F /* otpDemo.xcdatamodeld */ = {
			isa = XCVersionGroup;
			children = (
				C5D995E42382895500381D1F /* otpDemo.xcdatamodel */,
			);
			currentVersion = C5D995E42382895500381D1F /* otpDemo.xcdatamodel */;
			path = otpDemo.xcdatamodeld;
			sourceTree = "<group>";
			versionGroupType = wrapper.xcdatamodel;
		};
/* End XCVersionGroup section */
	};
	rootObject = C5D995CF2382895500381D1F /* Project object */;
}
